
Microsoft Visual Studio Solution File, Format Version 12.00
# Visual Studio Version 16
VisualStudioVersion = 16.0.33328.57
MinimumVisualStudioVersion = 10.0.40219.1
Project("{FAE04EC0-301F-11D3-BF4B-00C04F79EFBC}") = "ProyectoRoot", "ProyectoRoot\ProyectoRoot.csproj", "{9FAFD4EB-939B-46FA-8246-EB5F0F6EAFEA}"
EndProject
Global
	GlobalSection(SolutionConfigurationPlatforms) = preSolution
		Debug|Any CPU = Debug|Any CPU
		Release|Any CPU = Release|Any CPU
	EndGlobalSection
	GlobalSection(ProjectConfigurationPlatforms) = postSolution
		{9FAFD4EB-939B-46FA-8246-EB5F0F6EAFEA}.Debug|Any CPU.ActiveCfg = Debug|Any CPU
		{9FAFD4EB-939B-46FA-8246-EB5F0F6EAFEA}.Debug|Any CPU.Build.0 = Debug|Any CPU
		{9FAFD4EB-939B-46FA-8246-EB5F0F6EAFEA}.Release|Any CPU.ActiveCfg = Release|Any CPU
		{9FAFD4EB-939B-46FA-8246-EB5F0F6EAFEA}.Release|Any CPU.Build.0 = Release|Any CPU
	EndGlobalSection
	GlobalSection(SolutionProperties) = preSolution
		HideSolutionNode = FALSE
	EndGlobalSection
	GlobalSection(ExtensibilityGlobals) = postSolution
		SolutionGuid = {1D878C0C-B0D3-42BB-A959-0CE70A0804C8}
	EndGlobalSection
EndGlobal
